// !$*UTF8*$!
{
	archiveVersion = 1;
	classes = {
	};
	objectVersion = 55;
	objects = {

/* Begin PBXBuildFile section */
		5C4C7C0D11777AD8E950C13D /* Pods_instagram_CloneTests.framework in Frameworks */ = {isa = PBXBuildFile; fileRef = 8B83B16262E793D97C2EF96D /* Pods_instagram_CloneTests.framework */; };
		E79619F075D03E6CCA742D9E /* Pods_instagram_Clone_instagram_CloneUITests.framework in Frameworks */ = {isa = PBXBuildFile; fileRef = 4AB68178294D14637368A55A /* Pods_instagram_Clone_instagram_CloneUITests.framework */; };
		F0D295939327739AE7538C45 /* Pods_instagram_Clone.framework in Frameworks */ = {isa = PBXBuildFile; fileRef = 33EC2E01F63DB07C1BD4FAC7 /* Pods_instagram_Clone.framework */; };
		FA2976F929B367A50074706E /* GoogleService-Info.plist in Resources */ = {isa = PBXBuildFile; fileRef = FA2976F829B367A50074706E /* GoogleService-Info.plist */; };
		FA2CEFFA29CA59B400DBD20F /* UserProfilePostCell.swift in Sources */ = {isa = PBXBuildFile; fileRef = FA2CEFF929CA59B400DBD20F /* UserProfilePostCell.swift */; };
		FA34460029B290A6000D03F2 /* AppDelegate.swift in Sources */ = {isa = PBXBuildFile; fileRef = FA3445FF29B290A6000D03F2 /* AppDelegate.swift */; };
		FA34460229B290A6000D03F2 /* SceneDelegate.swift in Sources */ = {isa = PBXBuildFile; fileRef = FA34460129B290A6000D03F2 /* SceneDelegate.swift */; };
		FA34460929B290AD000D03F2 /* Assets.xcassets in Resources */ = {isa = PBXBuildFile; fileRef = FA34460829B290AD000D03F2 /* Assets.xcassets */; };
		FA34460C29B290AD000D03F2 /* LaunchScreen.storyboard in Resources */ = {isa = PBXBuildFile; fileRef = FA34460A29B290AD000D03F2 /* LaunchScreen.storyboard */; };
		FA34461729B290AE000D03F2 /* instagram_CloneTests.swift in Sources */ = {isa = PBXBuildFile; fileRef = FA34461629B290AE000D03F2 /* instagram_CloneTests.swift */; };
		FA34462129B290AE000D03F2 /* instagram_CloneUITests.swift in Sources */ = {isa = PBXBuildFile; fileRef = FA34462029B290AE000D03F2 /* instagram_CloneUITests.swift */; };
		FA34462329B290AE000D03F2 /* instagram_CloneUITestsLaunchTests.swift in Sources */ = {isa = PBXBuildFile; fileRef = FA34462229B290AE000D03F2 /* instagram_CloneUITestsLaunchTests.swift */; };
		FA34463629B29857000D03F2 /* RegisterViewController.swift in Sources */ = {isa = PBXBuildFile; fileRef = FA34463529B29857000D03F2 /* RegisterViewController.swift */; };
		FA34463829B298AB000D03F2 /* RegisterPresenter.swift in Sources */ = {isa = PBXBuildFile; fileRef = FA34463729B298AB000D03F2 /* RegisterPresenter.swift */; };
		FA34463A29B2997C000D03F2 /* RegisterRouter.swift in Sources */ = {isa = PBXBuildFile; fileRef = FA34463929B2997C000D03F2 /* RegisterRouter.swift */; };
		FA3BFFC229CCAD01001C7D6C /* LogInRouter.swift in Sources */ = {isa = PBXBuildFile; fileRef = FA3BFFC129CCAD01001C7D6C /* LogInRouter.swift */; };
		FA3BFFC429CCAD35001C7D6C /* LogInViewController.swift in Sources */ = {isa = PBXBuildFile; fileRef = FA3BFFC329CCAD35001C7D6C /* LogInViewController.swift */; };
		FA3BFFC929CCADC3001C7D6C /* MainTabBarRouter.swift in Sources */ = {isa = PBXBuildFile; fileRef = FA3BFFC829CCADC3001C7D6C /* MainTabBarRouter.swift */; };
		FA3BFFCC29CCADE0001C7D6C /* MainTabBarPresenter.swift in Sources */ = {isa = PBXBuildFile; fileRef = FA3BFFCB29CCADE0001C7D6C /* MainTabBarPresenter.swift */; };
		FA3BFFCE29CCADED001C7D6C /* MainTabBarUseCase.swift in Sources */ = {isa = PBXBuildFile; fileRef = FA3BFFCD29CCADED001C7D6C /* MainTabBarUseCase.swift */; };
		FA427C0A29CCCF5700F96810 /* LogInPresenter.swift in Sources */ = {isa = PBXBuildFile; fileRef = FA427C0929CCCF5700F96810 /* LogInPresenter.swift */; };
		FA55270729C651FE00093A84 /* MainTabBarViewController.swift in Sources */ = {isa = PBXBuildFile; fileRef = FA55270629C651FE00093A84 /* MainTabBarViewController.swift */; };
		FA55270E29C6544600093A84 /* UserProfileViewController.swift in Sources */ = {isa = PBXBuildFile; fileRef = FA55270D29C6544600093A84 /* UserProfileViewController.swift */; };
		FA55271029C661B500093A84 /* UserProfileRouter.swift in Sources */ = {isa = PBXBuildFile; fileRef = FA55270F29C661B500093A84 /* UserProfileRouter.swift */; };
		FA55271229C6622D00093A84 /* UserProfilePresenter.swift in Sources */ = {isa = PBXBuildFile; fileRef = FA55271129C6622D00093A84 /* UserProfilePresenter.swift */; };
		FA55271429C6623B00093A84 /* UserProfileUseCase.swift in Sources */ = {isa = PBXBuildFile; fileRef = FA55271329C6623B00093A84 /* UserProfileUseCase.swift */; };
		FA60839429C90DC900E7743A /* MidLabelComponent.swift in Sources */ = {isa = PBXBuildFile; fileRef = FA60839329C90DC900E7743A /* MidLabelComponent.swift */; };
		FAEB770429B38AA30007C86E /* RegisterPageUseCase.swift in Sources */ = {isa = PBXBuildFile; fileRef = FAEB770329B38AA30007C86E /* RegisterPageUseCase.swift */; };
		FAEB770929B38CEF0007C86E /* UITextFieldExtensions.swift in Sources */ = {isa = PBXBuildFile; fileRef = FAEB770829B38CEF0007C86E /* UITextFieldExtensions.swift */; };
/* End PBXBuildFile section */

/* Begin PBXContainerItemProxy section */
		FA34461329B290AE000D03F2 /* PBXContainerItemProxy */ = {
			isa = PBXContainerItemProxy;
			containerPortal = FA3445F429B290A6000D03F2 /* Project object */;
			proxyType = 1;
			remoteGlobalIDString = FA3445FB29B290A6000D03F2;
			remoteInfo = instagram_Clone;
		};
		FA34461D29B290AE000D03F2 /* PBXContainerItemProxy */ = {
			isa = PBXContainerItemProxy;
			containerPortal = FA3445F429B290A6000D03F2 /* Project object */;
			proxyType = 1;
			remoteGlobalIDString = FA3445FB29B290A6000D03F2;
			remoteInfo = instagram_Clone;
		};
/* End PBXContainerItemProxy section */

/* Begin PBXFileReference section */
		07395D04966C131A7E78111B /* Pods-instagram_CloneTests.release.xcconfig */ = {isa = PBXFileReference; includeInIndex = 1; lastKnownFileType = text.xcconfig; name = "Pods-instagram_CloneTests.release.xcconfig"; path = "Target Support Files/Pods-instagram_CloneTests/Pods-instagram_CloneTests.release.xcconfig"; sourceTree = "<group>"; };
		25A4CA70A2C55A6131351513 /* Pods-instagram_Clone.release.xcconfig */ = {isa = PBXFileReference; includeInIndex = 1; lastKnownFileType = text.xcconfig; name = "Pods-instagram_Clone.release.xcconfig"; path = "Target Support Files/Pods-instagram_Clone/Pods-instagram_Clone.release.xcconfig"; sourceTree = "<group>"; };
		33EC2E01F63DB07C1BD4FAC7 /* Pods_instagram_Clone.framework */ = {isa = PBXFileReference; explicitFileType = wrapper.framework; includeInIndex = 0; path = Pods_instagram_Clone.framework; sourceTree = BUILT_PRODUCTS_DIR; };
		4AB68178294D14637368A55A /* Pods_instagram_Clone_instagram_CloneUITests.framework */ = {isa = PBXFileReference; explicitFileType = wrapper.framework; includeInIndex = 0; path = Pods_instagram_Clone_instagram_CloneUITests.framework; sourceTree = BUILT_PRODUCTS_DIR; };
		515E5F49FC34A0FDA45DC89C /* Pods-instagram_Clone-instagram_CloneUITests.release.xcconfig */ = {isa = PBXFileReference; includeInIndex = 1; lastKnownFileType = text.xcconfig; name = "Pods-instagram_Clone-instagram_CloneUITests.release.xcconfig"; path = "Target Support Files/Pods-instagram_Clone-instagram_CloneUITests/Pods-instagram_Clone-instagram_CloneUITests.release.xcconfig"; sourceTree = "<group>"; };
		5EB3F529CBA2C066749013E1 /* Pods-instagram_CloneTests.debug.xcconfig */ = {isa = PBXFileReference; includeInIndex = 1; lastKnownFileType = text.xcconfig; name = "Pods-instagram_CloneTests.debug.xcconfig"; path = "Target Support Files/Pods-instagram_CloneTests/Pods-instagram_CloneTests.debug.xcconfig"; sourceTree = "<group>"; };
		8B83B16262E793D97C2EF96D /* Pods_instagram_CloneTests.framework */ = {isa = PBXFileReference; explicitFileType = wrapper.framework; includeInIndex = 0; path = Pods_instagram_CloneTests.framework; sourceTree = BUILT_PRODUCTS_DIR; };
		BF8F4CE126482C4A87CF6046 /* Pods-instagram_Clone.debug.xcconfig */ = {isa = PBXFileReference; includeInIndex = 1; lastKnownFileType = text.xcconfig; name = "Pods-instagram_Clone.debug.xcconfig"; path = "Target Support Files/Pods-instagram_Clone/Pods-instagram_Clone.debug.xcconfig"; sourceTree = "<group>"; };
		D33BF627D9BAFFE6CD396523 /* Pods-instagram_Clone-instagram_CloneUITests.debug.xcconfig */ = {isa = PBXFileReference; includeInIndex = 1; lastKnownFileType = text.xcconfig; name = "Pods-instagram_Clone-instagram_CloneUITests.debug.xcconfig"; path = "Target Support Files/Pods-instagram_Clone-instagram_CloneUITests/Pods-instagram_Clone-instagram_CloneUITests.debug.xcconfig"; sourceTree = "<group>"; };
		FA2976F829B367A50074706E /* GoogleService-Info.plist */ = {isa = PBXFileReference; fileEncoding = 4; lastKnownFileType = text.plist.xml; path = "GoogleService-Info.plist"; sourceTree = "<group>"; };
		FA2CEFF929CA59B400DBD20F /* UserProfilePostCell.swift */ = {isa = PBXFileReference; lastKnownFileType = sourcecode.swift; path = UserProfilePostCell.swift; sourceTree = "<group>"; };
		FA3445FC29B290A6000D03F2 /* instagram_Clone.app */ = {isa = PBXFileReference; explicitFileType = wrapper.application; includeInIndex = 0; path = instagram_Clone.app; sourceTree = BUILT_PRODUCTS_DIR; };
		FA3445FF29B290A6000D03F2 /* AppDelegate.swift */ = {isa = PBXFileReference; lastKnownFileType = sourcecode.swift; path = AppDelegate.swift; sourceTree = "<group>"; };
		FA34460129B290A6000D03F2 /* SceneDelegate.swift */ = {isa = PBXFileReference; lastKnownFileType = sourcecode.swift; path = SceneDelegate.swift; sourceTree = "<group>"; };
		FA34460829B290AD000D03F2 /* Assets.xcassets */ = {isa = PBXFileReference; lastKnownFileType = folder.assetcatalog; path = Assets.xcassets; sourceTree = "<group>"; };
		FA34460B29B290AD000D03F2 /* Base */ = {isa = PBXFileReference; lastKnownFileType = file.storyboard; name = Base; path = Base.lproj/LaunchScreen.storyboard; sourceTree = "<group>"; };
		FA34460D29B290AD000D03F2 /* Info.plist */ = {isa = PBXFileReference; lastKnownFileType = text.plist.xml; path = Info.plist; sourceTree = "<group>"; };
		FA34461229B290AE000D03F2 /* instagram_CloneTests.xctest */ = {isa = PBXFileReference; explicitFileType = wrapper.cfbundle; includeInIndex = 0; path = instagram_CloneTests.xctest; sourceTree = BUILT_PRODUCTS_DIR; };
		FA34461629B290AE000D03F2 /* instagram_CloneTests.swift */ = {isa = PBXFileReference; lastKnownFileType = sourcecode.swift; path = instagram_CloneTests.swift; sourceTree = "<group>"; };
		FA34461C29B290AE000D03F2 /* instagram_CloneUITests.xctest */ = {isa = PBXFileReference; explicitFileType = wrapper.cfbundle; includeInIndex = 0; path = instagram_CloneUITests.xctest; sourceTree = BUILT_PRODUCTS_DIR; };
		FA34462029B290AE000D03F2 /* instagram_CloneUITests.swift */ = {isa = PBXFileReference; lastKnownFileType = sourcecode.swift; path = instagram_CloneUITests.swift; sourceTree = "<group>"; };
		FA34462229B290AE000D03F2 /* instagram_CloneUITestsLaunchTests.swift */ = {isa = PBXFileReference; lastKnownFileType = sourcecode.swift; path = instagram_CloneUITestsLaunchTests.swift; sourceTree = "<group>"; };
		FA34463529B29857000D03F2 /* RegisterViewController.swift */ = {isa = PBXFileReference; lastKnownFileType = sourcecode.swift; path = RegisterViewController.swift; sourceTree = "<group>"; };
		FA34463729B298AB000D03F2 /* RegisterPresenter.swift */ = {isa = PBXFileReference; lastKnownFileType = sourcecode.swift; path = RegisterPresenter.swift; sourceTree = "<group>"; };
		FA34463929B2997C000D03F2 /* RegisterRouter.swift */ = {isa = PBXFileReference; lastKnownFileType = sourcecode.swift; path = RegisterRouter.swift; sourceTree = "<group>"; };
		FA3BFFC129CCAD01001C7D6C /* LogInRouter.swift */ = {isa = PBXFileReference; lastKnownFileType = sourcecode.swift; path = LogInRouter.swift; sourceTree = "<group>"; };
		FA3BFFC329CCAD35001C7D6C /* LogInViewController.swift */ = {isa = PBXFileReference; lastKnownFileType = sourcecode.swift; path = LogInViewController.swift; sourceTree = "<group>"; };
		FA3BFFC829CCADC3001C7D6C /* MainTabBarRouter.swift */ = {isa = PBXFileReference; lastKnownFileType = sourcecode.swift; path = MainTabBarRouter.swift; sourceTree = "<group>"; };
		FA3BFFCB29CCADE0001C7D6C /* MainTabBarPresenter.swift */ = {isa = PBXFileReference; lastKnownFileType = sourcecode.swift; path = MainTabBarPresenter.swift; sourceTree = "<group>"; };
		FA3BFFCD29CCADED001C7D6C /* MainTabBarUseCase.swift */ = {isa = PBXFileReference; lastKnownFileType = sourcecode.swift; path = MainTabBarUseCase.swift; sourceTree = "<group>"; };
		FA427C0929CCCF5700F96810 /* LogInPresenter.swift */ = {isa = PBXFileReference; lastKnownFileType = sourcecode.swift; path = LogInPresenter.swift; sourceTree = "<group>"; };
		FA55270629C651FE00093A84 /* MainTabBarViewController.swift */ = {isa = PBXFileReference; lastKnownFileType = sourcecode.swift; path = MainTabBarViewController.swift; sourceTree = "<group>"; };
		FA55270D29C6544600093A84 /* UserProfileViewController.swift */ = {isa = PBXFileReference; lastKnownFileType = sourcecode.swift; path = UserProfileViewController.swift; sourceTree = "<group>"; };
		FA55270F29C661B500093A84 /* UserProfileRouter.swift */ = {isa = PBXFileReference; lastKnownFileType = sourcecode.swift; path = UserProfileRouter.swift; sourceTree = "<group>"; };
		FA55271129C6622D00093A84 /* UserProfilePresenter.swift */ = {isa = PBXFileReference; lastKnownFileType = sourcecode.swift; path = UserProfilePresenter.swift; sourceTree = "<group>"; };
		FA55271329C6623B00093A84 /* UserProfileUseCase.swift */ = {isa = PBXFileReference; lastKnownFileType = sourcecode.swift; path = UserProfileUseCase.swift; sourceTree = "<group>"; };
		FA60839329C90DC900E7743A /* MidLabelComponent.swift */ = {isa = PBXFileReference; lastKnownFileType = sourcecode.swift; path = MidLabelComponent.swift; sourceTree = "<group>"; };
		FAEB770329B38AA30007C86E /* RegisterPageUseCase.swift */ = {isa = PBXFileReference; lastKnownFileType = sourcecode.swift; path = RegisterPageUseCase.swift; sourceTree = "<group>"; };
		FAEB770829B38CEF0007C86E /* UITextFieldExtensions.swift */ = {isa = PBXFileReference; lastKnownFileType = sourcecode.swift; path = UITextFieldExtensions.swift; sourceTree = "<group>"; };
/* End PBXFileReference section */

/* Begin PBXFrameworksBuildPhase section */
		FA3445F929B290A6000D03F2 /* Frameworks */ = {
			isa = PBXFrameworksBuildPhase;
			buildActionMask = 2147483647;
			files = (
				F0D295939327739AE7538C45 /* Pods_instagram_Clone.framework in Frameworks */,
			);
			runOnlyForDeploymentPostprocessing = 0;
		};
		FA34460F29B290AE000D03F2 /* Frameworks */ = {
			isa = PBXFrameworksBuildPhase;
			buildActionMask = 2147483647;
			files = (
				5C4C7C0D11777AD8E950C13D /* Pods_instagram_CloneTests.framework in Frameworks */,
			);
			runOnlyForDeploymentPostprocessing = 0;
		};
		FA34461929B290AE000D03F2 /* Frameworks */ = {
			isa = PBXFrameworksBuildPhase;
			buildActionMask = 2147483647;
			files = (
				E79619F075D03E6CCA742D9E /* Pods_instagram_Clone_instagram_CloneUITests.framework in Frameworks */,
			);
			runOnlyForDeploymentPostprocessing = 0;
		};
/* End PBXFrameworksBuildPhase section */

/* Begin PBXGroup section */
		62CFF858DDCFCCDE17E2B62E /* Frameworks */ = {
			isa = PBXGroup;
			children = (
				33EC2E01F63DB07C1BD4FAC7 /* Pods_instagram_Clone.framework */,
				4AB68178294D14637368A55A /* Pods_instagram_Clone_instagram_CloneUITests.framework */,
				8B83B16262E793D97C2EF96D /* Pods_instagram_CloneTests.framework */,
			);
			name = Frameworks;
			sourceTree = "<group>";
		};
		95324AD62A2A9C0BD621A40C /* Pods */ = {
			isa = PBXGroup;
			children = (
				BF8F4CE126482C4A87CF6046 /* Pods-instagram_Clone.debug.xcconfig */,
				25A4CA70A2C55A6131351513 /* Pods-instagram_Clone.release.xcconfig */,
				D33BF627D9BAFFE6CD396523 /* Pods-instagram_Clone-instagram_CloneUITests.debug.xcconfig */,
				515E5F49FC34A0FDA45DC89C /* Pods-instagram_Clone-instagram_CloneUITests.release.xcconfig */,
				5EB3F529CBA2C066749013E1 /* Pods-instagram_CloneTests.debug.xcconfig */,
				07395D04966C131A7E78111B /* Pods-instagram_CloneTests.release.xcconfig */,
			);
			path = Pods;
			sourceTree = "<group>";
		};
		FA3445F329B290A6000D03F2 = {
			isa = PBXGroup;
			children = (
				FA3445FE29B290A6000D03F2 /* instagram_Clone */,
				FA34461529B290AE000D03F2 /* instagram_CloneTests */,
				FA34461F29B290AE000D03F2 /* instagram_CloneUITests */,
				FA3445FD29B290A6000D03F2 /* Products */,
				95324AD62A2A9C0BD621A40C /* Pods */,
				62CFF858DDCFCCDE17E2B62E /* Frameworks */,
			);
			sourceTree = "<group>";
		};
		FA3445FD29B290A6000D03F2 /* Products */ = {
			isa = PBXGroup;
			children = (
				FA3445FC29B290A6000D03F2 /* instagram_Clone.app */,
				FA34461229B290AE000D03F2 /* instagram_CloneTests.xctest */,
				FA34461C29B290AE000D03F2 /* instagram_CloneUITests.xctest */,
			);
			name = Products;
			sourceTree = "<group>";
		};
		FA3445FE29B290A6000D03F2 /* instagram_Clone */ = {
			isa = PBXGroup;
			children = (
				FA55270229C650D800093A84 /* Application */,
				FA55270329C6518300093A84 /* Screens */,
				FAEB770729B38CD60007C86E /* Extensions */,
				FA60839229C90D8E00E7743A /* Components */,
				FA34460829B290AD000D03F2 /* Assets.xcassets */,
				FA34460A29B290AD000D03F2 /* LaunchScreen.storyboard */,
				FA34460D29B290AD000D03F2 /* Info.plist */,
				FA2976F829B367A50074706E /* GoogleService-Info.plist */,
			);
			path = instagram_Clone;
			sourceTree = "<group>";
		};
		FA34461529B290AE000D03F2 /* instagram_CloneTests */ = {
			isa = PBXGroup;
			children = (
				FA34461629B290AE000D03F2 /* instagram_CloneTests.swift */,
			);
			path = instagram_CloneTests;
			sourceTree = "<group>";
		};
		FA34461F29B290AE000D03F2 /* instagram_CloneUITests */ = {
			isa = PBXGroup;
			children = (
				FA34462029B290AE000D03F2 /* instagram_CloneUITests.swift */,
				FA34462229B290AE000D03F2 /* instagram_CloneUITestsLaunchTests.swift */,
			);
			path = instagram_CloneUITests;
			sourceTree = "<group>";
		};
		FA34462F29B297F5000D03F2 /* RegisterScreen */ = {
			isa = PBXGroup;
			children = (
				FA34463429B29835000D03F2 /* UseCase */,
				FA34463329B2982B000D03F2 /* Presenter */,
				FA34463129B2981F000D03F2 /* View */,
				FA34463029B29816000D03F2 /* Router */,
			);
			path = RegisterScreen;
			sourceTree = "<group>";
		};
		FA34463029B29816000D03F2 /* Router */ = {
			isa = PBXGroup;
			children = (
				FA34463929B2997C000D03F2 /* RegisterRouter.swift */,
			);
			path = Router;
			sourceTree = "<group>";
		};
		FA34463129B2981F000D03F2 /* View */ = {
			isa = PBXGroup;
			children = (
				FA34463529B29857000D03F2 /* RegisterViewController.swift */,
			);
			path = View;
			sourceTree = "<group>";
		};
		FA34463329B2982B000D03F2 /* Presenter */ = {
			isa = PBXGroup;
			children = (
				FA34463729B298AB000D03F2 /* RegisterPresenter.swift */,
			);
			path = Presenter;
			sourceTree = "<group>";
		};
		FA34463429B29835000D03F2 /* UseCase */ = {
			isa = PBXGroup;
			children = (
				FAEB770329B38AA30007C86E /* RegisterPageUseCase.swift */,
			);
			path = UseCase;
			sourceTree = "<group>";
		};
		FA3BFFBE29CCACD7001C7D6C /* LogInScreen */ = {
			isa = PBXGroup;
			children = (
				FA427C0829CCCF4400F96810 /* Presenter */,
				FA3BFFC029CCACEF001C7D6C /* View */,
				FA3BFFBF29CCACE9001C7D6C /* Router */,
			);
			path = LogInScreen;
			sourceTree = "<group>";
		};
		FA3BFFBF29CCACE9001C7D6C /* Router */ = {
			isa = PBXGroup;
			children = (
				FA3BFFC129CCAD01001C7D6C /* LogInRouter.swift */,
			);
			path = Router;
			sourceTree = "<group>";
		};
		FA3BFFC029CCACEF001C7D6C /* View */ = {
			isa = PBXGroup;
			children = (
				FA3BFFC329CCAD35001C7D6C /* LogInViewController.swift */,
			);
			path = View;
			sourceTree = "<group>";
		};
		FA3BFFC529CCADA3001C7D6C /* Router */ = {
			isa = PBXGroup;
			children = (
				FA3BFFC829CCADC3001C7D6C /* MainTabBarRouter.swift */,
			);
			path = Router;
			sourceTree = "<group>";
		};
		FA3BFFC629CCADA7001C7D6C /* Presenter */ = {
			isa = PBXGroup;
			children = (
				FA3BFFCB29CCADE0001C7D6C /* MainTabBarPresenter.swift */,
			);
			path = Presenter;
			sourceTree = "<group>";
		};
		FA3BFFC729CCADAC001C7D6C /* UseCase */ = {
			isa = PBXGroup;
			children = (
				FA3BFFCD29CCADED001C7D6C /* MainTabBarUseCase.swift */,
			);
			path = UseCase;
			sourceTree = "<group>";
		};
		FA427C0829CCCF4400F96810 /* Presenter */ = {
			isa = PBXGroup;
			children = (
				FA427C0929CCCF5700F96810 /* LogInPresenter.swift */,
			);
			path = Presenter;
			sourceTree = "<group>";
		};
		FA55270229C650D800093A84 /* Application */ = {
			isa = PBXGroup;
			children = (
				FA34460129B290A6000D03F2 /* SceneDelegate.swift */,
				FA3445FF29B290A6000D03F2 /* AppDelegate.swift */,
			);
			path = Application;
			sourceTree = "<group>";
		};
		FA55270329C6518300093A84 /* Screens */ = {
			isa = PBXGroup;
			children = (
				FA3BFFBE29CCACD7001C7D6C /* LogInScreen */,
				FA55270429C651DB00093A84 /* MainTabBarScreen */,
				FA55270829C6540400093A84 /* UserProfileScreen */,
				FA34462F29B297F5000D03F2 /* RegisterScreen */,
			);
			path = Screens;
			sourceTree = "<group>";
		};
		FA55270429C651DB00093A84 /* MainTabBarScreen */ = {
			isa = PBXGroup;
			children = (
				FA3BFFC729CCADAC001C7D6C /* UseCase */,
				FA3BFFC629CCADA7001C7D6C /* Presenter */,
				FA3BFFC529CCADA3001C7D6C /* Router */,
				FA55270529C651F000093A84 /* View */,
			);
			path = MainTabBarScreen;
			sourceTree = "<group>";
		};
		FA55270529C651F000093A84 /* View */ = {
			isa = PBXGroup;
			children = (
				FA55270629C651FE00093A84 /* MainTabBarViewController.swift */,
			);
			path = View;
			sourceTree = "<group>";
		};
		FA55270829C6540400093A84 /* UserProfileScreen */ = {
			isa = PBXGroup;
			children = (
				FA55270C29C6543000093A84 /* UseCase */,
				FA55270B29C6542900093A84 /* Router */,
				FA55270A29C6542300093A84 /* Presenter */,
				FA55270929C6541D00093A84 /* View */,
			);
			path = UserProfileScreen;
			sourceTree = "<group>";
		};
		FA55270929C6541D00093A84 /* View */ = {
			isa = PBXGroup;
			children = (
				FA55270D29C6544600093A84 /* UserProfileViewController.swift */,
				FA2CEFF929CA59B400DBD20F /* UserProfilePostCell.swift */,
			);
			path = View;
			sourceTree = "<group>";
		};
		FA55270A29C6542300093A84 /* Presenter */ = {
			isa = PBXGroup;
			children = (
				FA55271129C6622D00093A84 /* UserProfilePresenter.swift */,
			);
			path = Presenter;
			sourceTree = "<group>";
		};
		FA55270B29C6542900093A84 /* Router */ = {
			isa = PBXGroup;
			children = (
				FA55270F29C661B500093A84 /* UserProfileRouter.swift */,
			);
			path = Router;
			sourceTree = "<group>";
		};
		FA55270C29C6543000093A84 /* UseCase */ = {
			isa = PBXGroup;
			children = (
				FA55271329C6623B00093A84 /* UserProfileUseCase.swift */,
			);
			path = UseCase;
			sourceTree = "<group>";
		};
		FA60839229C90D8E00E7743A /* Components */ = {
			isa = PBXGroup;
			children = (
				FA60839329C90DC900E7743A /* MidLabelComponent.swift */,
			);
			path = Components;
			sourceTree = "<group>";
		};
		FAEB770729B38CD60007C86E /* Extensions */ = {
			isa = PBXGroup;
			children = (
				FAEB770829B38CEF0007C86E /* UITextFieldExtensions.swift */,
			);
			path = Extensions;
			sourceTree = "<group>";
		};
/* End PBXGroup section */

/* Begin PBXNativeTarget section */
		FA3445FB29B290A6000D03F2 /* instagram_Clone */ = {
			isa = PBXNativeTarget;
			buildConfigurationList = FA34462629B290AE000D03F2 /* Build configuration list for PBXNativeTarget "instagram_Clone" */;
			buildPhases = (
				B00A1730FCABBE6566B2429D /* [CP] Check Pods Manifest.lock */,
				FA3445F829B290A6000D03F2 /* Sources */,
				FA3445F929B290A6000D03F2 /* Frameworks */,
				FA3445FA29B290A6000D03F2 /* Resources */,
				CDB371E23BBD3322B9EAF463 /* [CP] Embed Pods Frameworks */,
			);
			buildRules = (
			);
			dependencies = (
			);
			name = instagram_Clone;
			productName = instagram_Clone;
			productReference = FA3445FC29B290A6000D03F2 /* instagram_Clone.app */;
			productType = "com.apple.product-type.application";
		};
		FA34461129B290AE000D03F2 /* instagram_CloneTests */ = {
			isa = PBXNativeTarget;
			buildConfigurationList = FA34462929B290AE000D03F2 /* Build configuration list for PBXNativeTarget "instagram_CloneTests" */;
			buildPhases = (
				94D5CE05D0B5C18AD095158C /* [CP] Check Pods Manifest.lock */,
				FA34460E29B290AE000D03F2 /* Sources */,
				FA34460F29B290AE000D03F2 /* Frameworks */,
				FA34461029B290AE000D03F2 /* Resources */,
			);
			buildRules = (
			);
			dependencies = (
				FA34461429B290AE000D03F2 /* PBXTargetDependency */,
			);
			name = instagram_CloneTests;
			productName = instagram_CloneTests;
			productReference = FA34461229B290AE000D03F2 /* instagram_CloneTests.xctest */;
			productType = "com.apple.product-type.bundle.unit-test";
		};
		FA34461B29B290AE000D03F2 /* instagram_CloneUITests */ = {
			isa = PBXNativeTarget;
			buildConfigurationList = FA34462C29B290AE000D03F2 /* Build configuration list for PBXNativeTarget "instagram_CloneUITests" */;
			buildPhases = (
				16DED42B84DE387888F1C20C /* [CP] Check Pods Manifest.lock */,
				FA34461829B290AE000D03F2 /* Sources */,
				FA34461929B290AE000D03F2 /* Frameworks */,
				FA34461A29B290AE000D03F2 /* Resources */,
				30086EA447FEB252B5CD62D5 /* [CP] Embed Pods Frameworks */,
			);
			buildRules = (
			);
			dependencies = (
				FA34461E29B290AE000D03F2 /* PBXTargetDependency */,
			);
			name = instagram_CloneUITests;
			productName = instagram_CloneUITests;
			productReference = FA34461C29B290AE000D03F2 /* instagram_CloneUITests.xctest */;
			productType = "com.apple.product-type.bundle.ui-testing";
		};
/* End PBXNativeTarget section */

/* Begin PBXProject section */
		FA3445F429B290A6000D03F2 /* Project object */ = {
			isa = PBXProject;
			attributes = {
				BuildIndependentTargetsInParallel = 1;
				LastSwiftUpdateCheck = 1340;
				LastUpgradeCheck = 1340;
				TargetAttributes = {
					FA3445FB29B290A6000D03F2 = {
						CreatedOnToolsVersion = 13.4.1;
					};
					FA34461129B290AE000D03F2 = {
						CreatedOnToolsVersion = 13.4.1;
						TestTargetID = FA3445FB29B290A6000D03F2;
					};
					FA34461B29B290AE000D03F2 = {
						CreatedOnToolsVersion = 13.4.1;
						TestTargetID = FA3445FB29B290A6000D03F2;
					};
				};
			};
			buildConfigurationList = FA3445F729B290A6000D03F2 /* Build configuration list for PBXProject "instagram_Clone" */;
			compatibilityVersion = "Xcode 13.0";
			developmentRegion = en;
			hasScannedForEncodings = 0;
			knownRegions = (
				en,
				Base,
			);
			mainGroup = FA3445F329B290A6000D03F2;
			productRefGroup = FA3445FD29B290A6000D03F2 /* Products */;
			projectDirPath = "";
			projectRoot = "";
			targets = (
				FA3445FB29B290A6000D03F2 /* instagram_Clone */,
				FA34461129B290AE000D03F2 /* instagram_CloneTests */,
				FA34461B29B290AE000D03F2 /* instagram_CloneUITests */,
			);
		};
/* End PBXProject section */

/* Begin PBXResourcesBuildPhase section */
		FA3445FA29B290A6000D03F2 /* Resources */ = {
			isa = PBXResourcesBuildPhase;
			buildActionMask = 2147483647;
			files = (
				FA34460C29B290AD000D03F2 /* LaunchScreen.storyboard in Resources */,
				FA34460929B290AD000D03F2 /* Assets.xcassets in Resources */,
				FA2976F929B367A50074706E /* GoogleService-Info.plist in Resources */,
			);
			runOnlyForDeploymentPostprocessing = 0;
		};
		FA34461029B290AE000D03F2 /* Resources */ = {
			isa = PBXResourcesBuildPhase;
			buildActionMask = 2147483647;
			files = (
			);
			runOnlyForDeploymentPostprocessing = 0;
		};
		FA34461A29B290AE000D03F2 /* Resources */ = {
			isa = PBXResourcesBuildPhase;
			buildActionMask = 2147483647;
			files = (
			);
			runOnlyForDeploymentPostprocessing = 0;
		};
/* End PBXResourcesBuildPhase section */

/* Begin PBXShellScriptBuildPhase section */
		16DED42B84DE387888F1C20C /* [CP] Check Pods Manifest.lock */ = {
			isa = PBXShellScriptBuildPhase;
			buildActionMask = 2147483647;
			files = (
			);
			inputFileListPaths = (
			);
			inputPaths = (
				"${PODS_PODFILE_DIR_PATH}/Podfile.lock",
				"${PODS_ROOT}/Manifest.lock",
			);
			name = "[CP] Check Pods Manifest.lock";
			outputFileListPaths = (
			);
			outputPaths = (
				"$(DERIVED_FILE_DIR)/Pods-instagram_Clone-instagram_CloneUITests-checkManifestLockResult.txt",
			);
			runOnlyForDeploymentPostprocessing = 0;
			shellPath = /bin/sh;
			shellScript = "diff \"${PODS_PODFILE_DIR_PATH}/Podfile.lock\" \"${PODS_ROOT}/Manifest.lock\" > /dev/null\nif [ $? != 0 ] ; then\n    # print error to STDERR\n    echo \"error: The sandbox is not in sync with the Podfile.lock. Run 'pod install' or update your CocoaPods installation.\" >&2\n    exit 1\nfi\n# This output is used by Xcode 'outputs' to avoid re-running this script phase.\necho \"SUCCESS\" > \"${SCRIPT_OUTPUT_FILE_0}\"\n";
			showEnvVarsInLog = 0;
		};
		30086EA447FEB252B5CD62D5 /* [CP] Embed Pods Frameworks */ = {
			isa = PBXShellScriptBuildPhase;
			buildActionMask = 2147483647;
			files = (
			);
			inputFileListPaths = (
				"${PODS_ROOT}/Target Support Files/Pods-instagram_Clone-instagram_CloneUITests/Pods-instagram_Clone-instagram_CloneUITests-frameworks-${CONFIGURATION}-input-files.xcfilelist",
			);
			name = "[CP] Embed Pods Frameworks";
			outputFileListPaths = (
				"${PODS_ROOT}/Target Support Files/Pods-instagram_Clone-instagram_CloneUITests/Pods-instagram_Clone-instagram_CloneUITests-frameworks-${CONFIGURATION}-output-files.xcfilelist",
			);
			runOnlyForDeploymentPostprocessing = 0;
			shellPath = /bin/sh;
			shellScript = "\"${PODS_ROOT}/Target Support Files/Pods-instagram_Clone-instagram_CloneUITests/Pods-instagram_Clone-instagram_CloneUITests-frameworks.sh\"\n";
			showEnvVarsInLog = 0;
		};
		94D5CE05D0B5C18AD095158C /* [CP] Check Pods Manifest.lock */ = {
			isa = PBXShellScriptBuildPhase;
			buildActionMask = 2147483647;
			files = (
			);
			inputFileListPaths = (
			);
			inputPaths = (
				"${PODS_PODFILE_DIR_PATH}/Podfile.lock",
				"${PODS_ROOT}/Manifest.lock",
			);
			name = "[CP] Check Pods Manifest.lock";
			outputFileListPaths = (
			);
			outputPaths = (
				"$(DERIVED_FILE_DIR)/Pods-instagram_CloneTests-checkManifestLockResult.txt",
			);
			runOnlyForDeploymentPostprocessing = 0;
			shellPath = /bin/sh;
			shellScript = "diff \"${PODS_PODFILE_DIR_PATH}/Podfile.lock\" \"${PODS_ROOT}/Manifest.lock\" > /dev/null\nif [ $? != 0 ] ; then\n    # print error to STDERR\n    echo \"error: The sandbox is not in sync with the Podfile.lock. Run 'pod install' or update your CocoaPods installation.\" >&2\n    exit 1\nfi\n# This output is used by Xcode 'outputs' to avoid re-running this script phase.\necho \"SUCCESS\" > \"${SCRIPT_OUTPUT_FILE_0}\"\n";
			showEnvVarsInLog = 0;
		};
		B00A1730FCABBE6566B2429D /* [CP] Check Pods Manifest.lock */ = {
			isa = PBXShellScriptBuildPhase;
			buildActionMask = 2147483647;
			files = (
			);
			inputFileListPaths = (
			);
			inputPaths = (
				"${PODS_PODFILE_DIR_PATH}/Podfile.lock",
				"${PODS_ROOT}/Manifest.lock",
			);
			name = "[CP] Check Pods Manifest.lock";
			outputFileListPaths = (
			);
			outputPaths = (
				"$(DERIVED_FILE_DIR)/Pods-instagram_Clone-checkManifestLockResult.txt",
			);
			runOnlyForDeploymentPostprocessing = 0;
			shellPath = /bin/sh;
			shellScript = "diff \"${PODS_PODFILE_DIR_PATH}/Podfile.lock\" \"${PODS_ROOT}/Manifest.lock\" > /dev/null\nif [ $? != 0 ] ; then\n    # print error to STDERR\n    echo \"error: The sandbox is not in sync with the Podfile.lock. Run 'pod install' or update your CocoaPods installation.\" >&2\n    exit 1\nfi\n# This output is used by Xcode 'outputs' to avoid re-running this script phase.\necho \"SUCCESS\" > \"${SCRIPT_OUTPUT_FILE_0}\"\n";
			showEnvVarsInLog = 0;
		};
		CDB371E23BBD3322B9EAF463 /* [CP] Embed Pods Frameworks */ = {
			isa = PBXShellScriptBuildPhase;
			buildActionMask = 2147483647;
			files = (
			);
			inputFileListPaths = (
				"${PODS_ROOT}/Target Support Files/Pods-instagram_Clone/Pods-instagram_Clone-frameworks-${CONFIGURATION}-input-files.xcfilelist",
			);
			name = "[CP] Embed Pods Frameworks";
			outputFileListPaths = (
				"${PODS_ROOT}/Target Support Files/Pods-instagram_Clone/Pods-instagram_Clone-frameworks-${CONFIGURATION}-output-files.xcfilelist",
			);
			runOnlyForDeploymentPostprocessing = 0;
			shellPath = /bin/sh;
			shellScript = "\"${PODS_ROOT}/Target Support Files/Pods-instagram_Clone/Pods-instagram_Clone-frameworks.sh\"\n";
			showEnvVarsInLog = 0;
		};
/* End PBXShellScriptBuildPhase section */

/* Begin PBXSourcesBuildPhase section */
		FA3445F829B290A6000D03F2 /* Sources */ = {
			isa = PBXSourcesBuildPhase;
			buildActionMask = 2147483647;
			files = (
				FA55271429C6623B00093A84 /* UserProfileUseCase.swift in Sources */,
				FA3BFFCE29CCADED001C7D6C /* MainTabBarUseCase.swift in Sources */,
				FA55271229C6622D00093A84 /* UserProfilePresenter.swift in Sources */,
				FA34463829B298AB000D03F2 /* RegisterPresenter.swift in Sources */,
				FA3BFFC229CCAD01001C7D6C /* LogInRouter.swift in Sources */,
				FA55270729C651FE00093A84 /* MainTabBarViewController.swift in Sources */,
				FAEB770429B38AA30007C86E /* RegisterPageUseCase.swift in Sources */,
				FA3BFFC929CCADC3001C7D6C /* MainTabBarRouter.swift in Sources */,
				FA34460029B290A6000D03F2 /* AppDelegate.swift in Sources */,
				FA2CEFFA29CA59B400DBD20F /* UserProfilePostCell.swift in Sources */,
				FA34460229B290A6000D03F2 /* SceneDelegate.swift in Sources */,
				FAEB770929B38CEF0007C86E /* UITextFieldExtensions.swift in Sources */,
				FA427C0A29CCCF5700F96810 /* LogInPresenter.swift in Sources */,
				FA34463629B29857000D03F2 /* RegisterViewController.swift in Sources */,
				FA55270E29C6544600093A84 /* UserProfileViewController.swift in Sources */,
				FA3BFFC429CCAD35001C7D6C /* LogInViewController.swift in Sources */,
				FA34463A29B2997C000D03F2 /* RegisterRouter.swift in Sources */,
				FA55271029C661B500093A84 /* UserProfileRouter.swift in Sources */,
				FA60839429C90DC900E7743A /* MidLabelComponent.swift in Sources */,
				FA3BFFCC29CCADE0001C7D6C /* MainTabBarPresenter.swift in Sources */,
			);
			runOnlyForDeploymentPostprocessing = 0;
		};
		FA34460E29B290AE000D03F2 /* Sources */ = {
			isa = PBXSourcesBuildPhase;
			buildActionMask = 2147483647;
			files = (
				FA34461729B290AE000D03F2 /* instagram_CloneTests.swift in Sources */,
			);
			runOnlyForDeploymentPostprocessing = 0;
		};
		FA34461829B290AE000D03F2 /* Sources */ = {
			isa = PBXSourcesBuildPhase;
			buildActionMask = 2147483647;
			files = (
				FA34462129B290AE000D03F2 /* instagram_CloneUITests.swift in Sources */,
				FA34462329B290AE000D03F2 /* instagram_CloneUITestsLaunchTests.swift in Sources */,
			);
			runOnlyForDeploymentPostprocessing = 0;
		};
/* End PBXSourcesBuildPhase section */

/* Begin PBXTargetDependency section */
		FA34461429B290AE000D03F2 /* PBXTargetDependency */ = {
			isa = PBXTargetDependency;
			target = FA3445FB29B290A6000D03F2 /* instagram_Clone */;
			targetProxy = FA34461329B290AE000D03F2 /* PBXContainerItemProxy */;
		};
		FA34461E29B290AE000D03F2 /* PBXTargetDependency */ = {
			isa = PBXTargetDependency;
			target = FA3445FB29B290A6000D03F2 /* instagram_Clone */;
			targetProxy = FA34461D29B290AE000D03F2 /* PBXContainerItemProxy */;
		};
/* End PBXTargetDependency section */

/* Begin PBXVariantGroup section */
		FA34460A29B290AD000D03F2 /* LaunchScreen.storyboard */ = {
			isa = PBXVariantGroup;
			children = (
				FA34460B29B290AD000D03F2 /* Base */,
			);
			name = LaunchScreen.storyboard;
			sourceTree = "<group>";
		};
/* End PBXVariantGroup section */

/* Begin XCBuildConfiguration section */
		FA34462429B290AE000D03F2 /* Debug */ = {
			isa = XCBuildConfiguration;
			buildSettings = {
				ALWAYS_SEARCH_USER_PATHS = NO;
				CLANG_ANALYZER_NONNULL = YES;
				CLANG_ANALYZER_NUMBER_OBJECT_CONVERSION = YES_AGGRESSIVE;
				CLANG_CXX_LANGUAGE_STANDARD = "gnu++17";
				CLANG_ENABLE_MODULES = YES;
				CLANG_ENABLE_OBJC_ARC = YES;
				CLANG_ENABLE_OBJC_WEAK = YES;
				CLANG_WARN_BLOCK_CAPTURE_AUTORELEASING = YES;
				CLANG_WARN_BOOL_CONVERSION = YES;
				CLANG_WARN_COMMA = YES;
				CLANG_WARN_CONSTANT_CONVERSION = YES;
				CLANG_WARN_DEPRECATED_OBJC_IMPLEMENTATIONS = YES;
				CLANG_WARN_DIRECT_OBJC_ISA_USAGE = YES_ERROR;
				CLANG_WARN_DOCUMENTATION_COMMENTS = YES;
				CLANG_WARN_EMPTY_BODY = YES;
				CLANG_WARN_ENUM_CONVERSION = YES;
				CLANG_WARN_INFINITE_RECURSION = YES;
				CLANG_WARN_INT_CONVERSION = YES;
				CLANG_WARN_NON_LITERAL_NULL_CONVERSION = YES;
				CLANG_WARN_OBJC_IMPLICIT_RETAIN_SELF = YES;
				CLANG_WARN_OBJC_LITERAL_CONVERSION = YES;
				CLANG_WARN_OBJC_ROOT_CLASS = YES_ERROR;
				CLANG_WARN_QUOTED_INCLUDE_IN_FRAMEWORK_HEADER = YES;
				CLANG_WARN_RANGE_LOOP_ANALYSIS = YES;
				CLANG_WARN_STRICT_PROTOTYPES = YES;
				CLANG_WARN_SUSPICIOUS_MOVE = YES;
				CLANG_WARN_UNGUARDED_AVAILABILITY = YES_AGGRESSIVE;
				CLANG_WARN_UNREACHABLE_CODE = YES;
				CLANG_WARN__DUPLICATE_METHOD_MATCH = YES;
				COPY_PHASE_STRIP = NO;
				DEBUG_INFORMATION_FORMAT = dwarf;
				ENABLE_STRICT_OBJC_MSGSEND = YES;
				ENABLE_TESTABILITY = YES;
				GCC_C_LANGUAGE_STANDARD = gnu11;
				GCC_DYNAMIC_NO_PIC = NO;
				GCC_NO_COMMON_BLOCKS = YES;
				GCC_OPTIMIZATION_LEVEL = 0;
				GCC_PREPROCESSOR_DEFINITIONS = (
					"DEBUG=1",
					"$(inherited)",
				);
				GCC_WARN_64_TO_32_BIT_CONVERSION = YES;
				GCC_WARN_ABOUT_RETURN_TYPE = YES_ERROR;
				GCC_WARN_UNDECLARED_SELECTOR = YES;
				GCC_WARN_UNINITIALIZED_AUTOS = YES_AGGRESSIVE;
				GCC_WARN_UNUSED_FUNCTION = YES;
				GCC_WARN_UNUSED_VARIABLE = YES;
				IPHONEOS_DEPLOYMENT_TARGET = 15.5;
				MTL_ENABLE_DEBUG_INFO = INCLUDE_SOURCE;
				MTL_FAST_MATH = YES;
				ONLY_ACTIVE_ARCH = YES;
				SDKROOT = iphoneos;
				SWIFT_ACTIVE_COMPILATION_CONDITIONS = DEBUG;
				SWIFT_OPTIMIZATION_LEVEL = "-Onone";
			};
			name = Debug;
		};
		FA34462529B290AE000D03F2 /* Release */ = {
			isa = XCBuildConfiguration;
			buildSettings = {
				ALWAYS_SEARCH_USER_PATHS = NO;
				CLANG_ANALYZER_NONNULL = YES;
				CLANG_ANALYZER_NUMBER_OBJECT_CONVERSION = YES_AGGRESSIVE;
				CLANG_CXX_LANGUAGE_STANDARD = "gnu++17";
				CLANG_ENABLE_MODULES = YES;
				CLANG_ENABLE_OBJC_ARC = YES;
				CLANG_ENABLE_OBJC_WEAK = YES;
				CLANG_WARN_BLOCK_CAPTURE_AUTORELEASING = YES;
				CLANG_WARN_BOOL_CONVERSION = YES;
				CLANG_WARN_COMMA = YES;
				CLANG_WARN_CONSTANT_CONVERSION = YES;
				CLANG_WARN_DEPRECATED_OBJC_IMPLEMENTATIONS = YES;
				CLANG_WARN_DIRECT_OBJC_ISA_USAGE = YES_ERROR;
				CLANG_WARN_DOCUMENTATION_COMMENTS = YES;
				CLANG_WARN_EMPTY_BODY = YES;
				CLANG_WARN_ENUM_CONVERSION = YES;
				CLANG_WARN_INFINITE_RECURSION = YES;
				CLANG_WARN_INT_CONVERSION = YES;
				CLANG_WARN_NON_LITERAL_NULL_CONVERSION = YES;
				CLANG_WARN_OBJC_IMPLICIT_RETAIN_SELF = YES;
				CLANG_WARN_OBJC_LITERAL_CONVERSION = YES;
				CLANG_WARN_OBJC_ROOT_CLASS = YES_ERROR;
				CLANG_WARN_QUOTED_INCLUDE_IN_FRAMEWORK_HEADER = YES;
				CLANG_WARN_RANGE_LOOP_ANALYSIS = YES;
				CLANG_WARN_STRICT_PROTOTYPES = YES;
				CLANG_WARN_SUSPICIOUS_MOVE = YES;
				CLANG_WARN_UNGUARDED_AVAILABILITY = YES_AGGRESSIVE;
				CLANG_WARN_UNREACHABLE_CODE = YES;
				CLANG_WARN__DUPLICATE_METHOD_MATCH = YES;
				COPY_PHASE_STRIP = NO;
				DEBUG_INFORMATION_FORMAT = "dwarf-with-dsym";
				ENABLE_NS_ASSERTIONS = NO;
				ENABLE_STRICT_OBJC_MSGSEND = YES;
				GCC_C_LANGUAGE_STANDARD = gnu11;
				GCC_NO_COMMON_BLOCKS = YES;
				GCC_WARN_64_TO_32_BIT_CONVERSION = YES;
				GCC_WARN_ABOUT_RETURN_TYPE = YES_ERROR;
				GCC_WARN_UNDECLARED_SELECTOR = YES;
				GCC_WARN_UNINITIALIZED_AUTOS = YES_AGGRESSIVE;
				GCC_WARN_UNUSED_FUNCTION = YES;
				GCC_WARN_UNUSED_VARIABLE = YES;
				IPHONEOS_DEPLOYMENT_TARGET = 15.5;
				MTL_ENABLE_DEBUG_INFO = NO;
				MTL_FAST_MATH = YES;
				SDKROOT = iphoneos;
				SWIFT_COMPILATION_MODE = wholemodule;
				SWIFT_OPTIMIZATION_LEVEL = "-O";
				VALIDATE_PRODUCT = YES;
			};
			name = Release;
		};
		FA34462729B290AE000D03F2 /* Debug */ = {
			isa = XCBuildConfiguration;
			baseConfigurationReference = BF8F4CE126482C4A87CF6046 /* Pods-instagram_Clone.debug.xcconfig */;
			buildSettings = {
				ASSETCATALOG_COMPILER_APPICON_NAME = AppIcon;
				ASSETCATALOG_COMPILER_GLOBAL_ACCENT_COLOR_NAME = AccentColor;
				CODE_SIGN_STYLE = Automatic;
				CURRENT_PROJECT_VERSION = 1;
				GENERATE_INFOPLIST_FILE = YES;
				INFOPLIST_FILE = instagram_Clone/Info.plist;
				INFOPLIST_KEY_UIApplicationSupportsIndirectInputEvents = YES;
				INFOPLIST_KEY_UILaunchStoryboardName = LaunchScreen;
				INFOPLIST_KEY_UISupportedInterfaceOrientations_iPad = "UIInterfaceOrientationPortrait UIInterfaceOrientationPortraitUpsideDown UIInterfaceOrientationLandscapeLeft UIInterfaceOrientationLandscapeRight";
				INFOPLIST_KEY_UISupportedInterfaceOrientations_iPhone = "UIInterfaceOrientationPortrait UIInterfaceOrientationLandscapeLeft UIInterfaceOrientationLandscapeRight";
				LD_RUNPATH_SEARCH_PATHS = (
					"$(inherited)",
					"@executable_path/Frameworks",
				);
				MARKETING_VERSION = 1.0;
				PRODUCT_BUNDLE_IDENTIFIER = "okan.instagram-Clone";
				PRODUCT_NAME = "$(TARGET_NAME)";
				SWIFT_EMIT_LOC_STRINGS = YES;
				SWIFT_VERSION = 5.0;
				TARGETED_DEVICE_FAMILY = "1,2";
			};
			name = Debug;
		};
		FA34462829B290AE000D03F2 /* Release */ = {
			isa = XCBuildConfiguration;
			baseConfigurationReference = 25A4CA70A2C55A6131351513 /* Pods-instagram_Clone.release.xcconfig */;
			buildSettings = {
				ASSETCATALOG_COMPILER_APPICON_NAME = AppIcon;
				ASSETCATALOG_COMPILER_GLOBAL_ACCENT_COLOR_NAME = AccentColor;
				CODE_SIGN_STYLE = Automatic;
				CURRENT_PROJECT_VERSION = 1;
				GENERATE_INFOPLIST_FILE = YES;
				INFOPLIST_FILE = instagram_Clone/Info.plist;
				INFOPLIST_KEY_UIApplicationSupportsIndirectInputEvents = YES;
				INFOPLIST_KEY_UILaunchStoryboardName = LaunchScreen;
				INFOPLIST_KEY_UISupportedInterfaceOrientations_iPad = "UIInterfaceOrientationPortrait UIInterfaceOrientationPortraitUpsideDown UIInterfaceOrientationLandscapeLeft UIInterfaceOrientationLandscapeRight";
				INFOPLIST_KEY_UISupportedInterfaceOrientations_iPhone = "UIInterfaceOrientationPortrait UIInterfaceOrientationLandscapeLeft UIInterfaceOrientationLandscapeRight";
				LD_RUNPATH_SEARCH_PATHS = (
					"$(inherited)",
					"@executable_path/Frameworks",
				);
				MARKETING_VERSION = 1.0;
				PRODUCT_BUNDLE_IDENTIFIER = "okan.instagram-Clone";
				PRODUCT_NAME = "$(TARGET_NAME)";
				SWIFT_EMIT_LOC_STRINGS = YES;
				SWIFT_VERSION = 5.0;
				TARGETED_DEVICE_FAMILY = "1,2";
			};
			name = Release;
		};
		FA34462A29B290AE000D03F2 /* Debug */ = {
			isa = XCBuildConfiguration;
			baseConfigurationReference = 5EB3F529CBA2C066749013E1 /* Pods-instagram_CloneTests.debug.xcconfig */;
			buildSettings = {
				ALWAYS_EMBED_SWIFT_STANDARD_LIBRARIES = YES;
				BUNDLE_LOADER = "$(TEST_HOST)";
				CODE_SIGN_STYLE = Automatic;
				CURRENT_PROJECT_VERSION = 1;
				GENERATE_INFOPLIST_FILE = YES;
				IPHONEOS_DEPLOYMENT_TARGET = 15.5;
				MARKETING_VERSION = 1.0;
				PRODUCT_BUNDLE_IDENTIFIER = "okan.instagram-CloneTests";
				PRODUCT_NAME = "$(TARGET_NAME)";
				SWIFT_EMIT_LOC_STRINGS = NO;
				SWIFT_VERSION = 5.0;
				TARGETED_DEVICE_FAMILY = "1,2";
				TEST_HOST = "$(BUILT_PRODUCTS_DIR)/instagram_Clone.app/instagram_Clone";
			};
			name = Debug;
		};
		FA34462B29B290AE000D03F2 /* Release */ = {
			isa = XCBuildConfiguration;
			baseConfigurationReference = 07395D04966C131A7E78111B /* Pods-instagram_CloneTests.release.xcconfig */;
			buildSettings = {
				ALWAYS_EMBED_SWIFT_STANDARD_LIBRARIES = YES;
				BUNDLE_LOADER = "$(TEST_HOST)";
				CODE_SIGN_STYLE = Automatic;
				CURRENT_PROJECT_VERSION = 1;
				GENERATE_INFOPLIST_FILE = YES;
				IPHONEOS_DEPLOYMENT_TARGET = 15.5;
				MARKETING_VERSION = 1.0;
				PRODUCT_BUNDLE_IDENTIFIER = "okan.instagram-CloneTests";
				PRODUCT_NAME = "$(TARGET_NAME)";
				SWIFT_EMIT_LOC_STRINGS = NO;
				SWIFT_VERSION = 5.0;
				TARGETED_DEVICE_FAMILY = "1,2";
				TEST_HOST = "$(BUILT_PRODUCTS_DIR)/instagram_Clone.app/instagram_Clone";
			};
			name = Release;
		};
		FA34462D29B290AE000D03F2 /* Debug */ = {
			isa = XCBuildConfiguration;
			baseConfigurationReference = D33BF627D9BAFFE6CD396523 /* Pods-instagram_Clone-instagram_CloneUITests.debug.xcconfig */;
			buildSettings = {
				ALWAYS_EMBED_SWIFT_STANDARD_LIBRARIES = YES;
				CODE_SIGN_STYLE = Automatic;
				CURRENT_PROJECT_VERSION = 1;
				GENERATE_INFOPLIST_FILE = YES;
				MARKETING_VERSION = 1.0;
				PRODUCT_BUNDLE_IDENTIFIER = "okan.instagram-CloneUITests";
				PRODUCT_NAME = "$(TARGET_NAME)";
				SWIFT_EMIT_LOC_STRINGS = NO;
				SWIFT_VERSION = 5.0;
				TARGETED_DEVICE_FAMILY = "1,2";
				TEST_TARGET_NAME = instagram_Clone;
			};
			name = Debug;
		};
		FA34462E29B290AE000D03F2 /* Release */ = {
			isa = XCBuildConfiguration;
			baseConfigurationReference = 515E5F49FC34A0FDA45DC89C /* Pods-instagram_Clone-instagram_CloneUITests.release.xcconfig */;
			buildSettings = {
				ALWAYS_EMBED_SWIFT_STANDARD_LIBRARIES = YES;
				CODE_SIGN_STYLE = Automatic;
				CURRENT_PROJECT_VERSION = 1;
				GENERATE_INFOPLIST_FILE = YES;
				MARKETING_VERSION = 1.0;
				PRODUCT_BUNDLE_IDENTIFIER = "okan.instagram-CloneUITests";
				PRODUCT_NAME = "$(TARGET_NAME)";
				SWIFT_EMIT_LOC_STRINGS = NO;
				SWIFT_VERSION = 5.0;
				TARGETED_DEVICE_FAMILY = "1,2";
				TEST_TARGET_NAME = instagram_Clone;
			};
			name = Release;
		};
/* End XCBuildConfiguration section */

/* Begin XCConfigurationList section */
		FA3445F729B290A6000D03F2 /* Build configuration list for PBXProject "instagram_Clone" */ = {
			isa = XCConfigurationList;
			buildConfigurations = (
				FA34462429B290AE000D03F2 /* Debug */,
				FA34462529B290AE000D03F2 /* Release */,
			);
			defaultConfigurationIsVisible = 0;
			defaultConfigurationName = Release;
		};
		FA34462629B290AE000D03F2 /* Build configuration list for PBXNativeTarget "instagram_Clone" */ = {
			isa = XCConfigurationList;
			buildConfigurations = (
				FA34462729B290AE000D03F2 /* Debug */,
				FA34462829B290AE000D03F2 /* Release */,
			);
			defaultConfigurationIsVisible = 0;
			defaultConfigurationName = Release;
		};
		FA34462929B290AE000D03F2 /* Build configuration list for PBXNativeTarget "instagram_CloneTests" */ = {
			isa = XCConfigurationList;
			buildConfigurations = (
				FA34462A29B290AE000D03F2 /* Debug */,
				FA34462B29B290AE000D03F2 /* Release */,
			);
			defaultConfigurationIsVisible = 0;
			defaultConfigurationName = Release;
		};
		FA34462C29B290AE000D03F2 /* Build configuration list for PBXNativeTarget "instagram_CloneUITests" */ = {
			isa = XCConfigurationList;
			buildConfigurations = (
				FA34462D29B290AE000D03F2 /* Debug */,
				FA34462E29B290AE000D03F2 /* Release */,
			);
			defaultConfigurationIsVisible = 0;
			defaultConfigurationName = Release;
		};
/* End XCConfigurationList section */
	};
	rootObject = FA3445F429B290A6000D03F2 /* Project object */;
}
